// !$*UTF8*$!
{
	archiveVersion = 1;
	classes = {
	};
	objectVersion = 77;
	objects = {

/* Begin PBXBuildFile section */
		BC4D01922DF33E0B00CCFCCE /* CGFloat.swift in Sources */ = {isa = PBXBuildFile; fileRef = BC4D01912DF33E0B00CCFCCE /* CGFloat.swift */; };
		BC4D01942DF33EBF00CCFCCE /* TaskdetailInteractor.swift in Sources */ = {isa = PBXBuildFile; fileRef = BC4D01932DF33EB800CCFCCE /* TaskdetailInteractor.swift */; };
		BCA38B162DEF12B60009417F /* UIFont.swift in Sources */ = {isa = PBXBuildFile; fileRef = BCA38B152DEF12B20009417F /* UIFont.swift */; };
		BCA38B182DEF22F70009417F /* String.swift in Sources */ = {isa = PBXBuildFile; fileRef = BCA38B172DEF22F70009417F /* String.swift */; };
		BCA38B1A2DF05B020009417F /* TasksPresenter.swift in Sources */ = {isa = PBXBuildFile; fileRef = BCA38B192DF05AF20009417F /* TasksPresenter.swift */; };
		BCA38B1C2DF07ACE0009417F /* TasksInteractor.swift in Sources */ = {isa = PBXBuildFile; fileRef = BCA38B1B2DF07AC10009417F /* TasksInteractor.swift */; };
		BCA38B1E2DF07D040009417F /* TasksRouter.swift in Sources */ = {isa = PBXBuildFile; fileRef = BCA38B1D2DF07CFF0009417F /* TasksRouter.swift */; };
		BCA38B202DF0B9D10009417F /* TasksModuleBuilder.swift in Sources */ = {isa = PBXBuildFile; fileRef = BCA38B1F2DF0B9C60009417F /* TasksModuleBuilder.swift */; };
		BCA38B222DF0D27D0009417F /* TaskDetailModuleBuilder.swift in Sources */ = {isa = PBXBuildFile; fileRef = BCA38B212DF0D27D0009417F /* TaskDetailModuleBuilder.swift */; };
		BCA38B242DF0D2A20009417F /* TaskDetailView.swift in Sources */ = {isa = PBXBuildFile; fileRef = BCA38B232DF0D2A20009417F /* TaskDetailView.swift */; };
		BCA38B262DF0D7460009417F /* TaskDetailPresenter.swift in Sources */ = {isa = PBXBuildFile; fileRef = BCA38B252DF0D7460009417F /* TaskDetailPresenter.swift */; };
		BCA38B2A2DF1B26F0009417F /* Array.swift in Sources */ = {isa = PBXBuildFile; fileRef = BCA38B292DF1B26F0009417F /* Array.swift */; };
		BCA38B2F2DF1C6DF0009417F /* Cache.swift in Sources */ = {isa = PBXBuildFile; fileRef = BCA38B2E2DF1C6D80009417F /* Cache.swift */; };
		BCA38B312DF1C7CD0009417F /* CustomDateFormatter.swift in Sources */ = {isa = PBXBuildFile; fileRef = BCA38B302DF1C7C20009417F /* CustomDateFormatter.swift */; };
		BCCBD8142DEDE7F8000EFC99 /* AppDelegate.swift in Sources */ = {isa = PBXBuildFile; fileRef = BCCBD80A2DEDE7F8000EFC99 /* AppDelegate.swift */; };
		BCCBD8152DEDE7F8000EFC99 /* SceneDelegate.swift in Sources */ = {isa = PBXBuildFile; fileRef = BCCBD8112DEDE7F8000EFC99 /* SceneDelegate.swift */; };
		BCCBD8162DEDE7F8000EFC99 /* TasksView.swift in Sources */ = {isa = PBXBuildFile; fileRef = BCCBD8122DEDE7F8000EFC99 /* TasksView.swift */; };
		BCCBD8172DEDE7F8000EFC99 /* Assets.xcassets in Resources */ = {isa = PBXBuildFile; fileRef = BCCBD80B2DEDE7F8000EFC99 /* Assets.xcassets */; };
		BCCBD8192DEDE7F8000EFC99 /* LaunchScreen.storyboard in Resources */ = {isa = PBXBuildFile; fileRef = BCCBD80E2DEDE7F8000EFC99 /* LaunchScreen.storyboard */; };
		BCCBD81D2DEDE806000EFC99 /* TodosTests.swift in Sources */ = {isa = PBXBuildFile; fileRef = BCCBD81B2DEDE806000EFC99 /* TodosTests.swift */; };
		BCCBD8212DEDE808000EFC99 /* TodosUITests.swift in Sources */ = {isa = PBXBuildFile; fileRef = BCCBD81E2DEDE808000EFC99 /* TodosUITests.swift */; };
		BCCBD8222DEDE808000EFC99 /* TodosUITestsLaunchTests.swift in Sources */ = {isa = PBXBuildFile; fileRef = BCCBD81F2DEDE808000EFC99 /* TodosUITestsLaunchTests.swift */; };
		BCCBD82A2DEDEFC4000EFC99 /* TaskModel.xcdatamodeld in Sources */ = {isa = PBXBuildFile; fileRef = BCCBD8282DEDEFC4000EFC99 /* TaskModel.xcdatamodeld */; };
		BCCBD82D2DEDF417000EFC99 /* TaskDTO.swift in Sources */ = {isa = PBXBuildFile; fileRef = BCCBD82C2DEDF417000EFC99 /* TaskDTO.swift */; };
		BCCBD82F2DEDF55D000EFC99 /* TaskServiceCD.swift in Sources */ = {isa = PBXBuildFile; fileRef = BCCBD82E2DEDF55D000EFC99 /* TaskServiceCD.swift */; };
		BCCBD8322DEDFF6A000EFC99 /* TaskCD.swift in Sources */ = {isa = PBXBuildFile; fileRef = BCCBD8312DEDFF6A000EFC99 /* TaskCD.swift */; };
		BCCBD8342DEE0149000EFC99 /* TaskModelContainer.swift in Sources */ = {isa = PBXBuildFile; fileRef = BCCBD8332DEE0149000EFC99 /* TaskModelContainer.swift */; };
		BCCBD8372DEE075A000EFC99 /* ServiceError.swift in Sources */ = {isa = PBXBuildFile; fileRef = BCCBD8362DEE075A000EFC99 /* ServiceError.swift */; };
		BCCBD83B2DEE1436000EFC99 /* TaskListDTO.swift in Sources */ = {isa = PBXBuildFile; fileRef = BCCBD83A2DEE142F000EFC99 /* TaskListDTO.swift */; };
		BCCBD83F2DEE17F8000EFC99 /* EndPoint.swift in Sources */ = {isa = PBXBuildFile; fileRef = BCCBD83E2DEE17F8000EFC99 /* EndPoint.swift */; };
		BCCBD8412DEE184C000EFC99 /* HttpMethod.swift in Sources */ = {isa = PBXBuildFile; fileRef = BCCBD8402DEE184C000EFC99 /* HttpMethod.swift */; };
		BCCBD8432DEE1B29000EFC99 /* NetworkServiceTasks.swift in Sources */ = {isa = PBXBuildFile; fileRef = BCCBD8422DEE1B29000EFC99 /* NetworkServiceTasks.swift */; };
		BCCBD8452DEE2108000EFC99 /* NetworkError.swift in Sources */ = {isa = PBXBuildFile; fileRef = BCCBD8442DEE2108000EFC99 /* NetworkError.swift */; };
		BCCBD8482DEE31FB000EFC99 /* TaskCell.swift in Sources */ = {isa = PBXBuildFile; fileRef = BCCBD8472DEE31F6000EFC99 /* TaskCell.swift */; };
		BCCBD84A2DEE3322000EFC99 /* CheckMarkButton.swift in Sources */ = {isa = PBXBuildFile; fileRef = BCCBD8492DEE3313000EFC99 /* CheckMarkButton.swift */; };
/* End PBXBuildFile section */

/* Begin PBXContainerItemProxy section */
		BCCBD7ED2DEDE7EB000EFC99 /* PBXContainerItemProxy */ = {
			isa = PBXContainerItemProxy;
			containerPortal = BCCBD7CE2DEDE7E9000EFC99 /* Project object */;
			proxyType = 1;
			remoteGlobalIDString = BCCBD7D52DEDE7E9000EFC99;
			remoteInfo = Todos;
		};
		BCCBD7F72DEDE7EB000EFC99 /* PBXContainerItemProxy */ = {
			isa = PBXContainerItemProxy;
			containerPortal = BCCBD7CE2DEDE7E9000EFC99 /* Project object */;
			proxyType = 1;
			remoteGlobalIDString = BCCBD7D52DEDE7E9000EFC99;
			remoteInfo = Todos;
		};
/* End PBXContainerItemProxy section */

/* Begin PBXFileReference section */
		BC4D01912DF33E0B00CCFCCE /* CGFloat.swift */ = {isa = PBXFileReference; lastKnownFileType = sourcecode.swift; path = CGFloat.swift; sourceTree = "<group>"; };
		BC4D01932DF33EB800CCFCCE /* TaskdetailInteractor.swift */ = {isa = PBXFileReference; lastKnownFileType = sourcecode.swift; path = TaskdetailInteractor.swift; sourceTree = "<group>"; };
		BCA38B152DEF12B20009417F /* UIFont.swift */ = {isa = PBXFileReference; lastKnownFileType = sourcecode.swift; path = UIFont.swift; sourceTree = "<group>"; };
		BCA38B172DEF22F70009417F /* String.swift */ = {isa = PBXFileReference; lastKnownFileType = sourcecode.swift; path = String.swift; sourceTree = "<group>"; };
		BCA38B192DF05AF20009417F /* TasksPresenter.swift */ = {isa = PBXFileReference; lastKnownFileType = sourcecode.swift; path = TasksPresenter.swift; sourceTree = "<group>"; };
		BCA38B1B2DF07AC10009417F /* TasksInteractor.swift */ = {isa = PBXFileReference; lastKnownFileType = sourcecode.swift; path = TasksInteractor.swift; sourceTree = "<group>"; };
		BCA38B1D2DF07CFF0009417F /* TasksRouter.swift */ = {isa = PBXFileReference; lastKnownFileType = sourcecode.swift; path = TasksRouter.swift; sourceTree = "<group>"; };
		BCA38B1F2DF0B9C60009417F /* TasksModuleBuilder.swift */ = {isa = PBXFileReference; lastKnownFileType = sourcecode.swift; path = TasksModuleBuilder.swift; sourceTree = "<group>"; };
		BCA38B212DF0D27D0009417F /* TaskDetailModuleBuilder.swift */ = {isa = PBXFileReference; lastKnownFileType = sourcecode.swift; path = TaskDetailModuleBuilder.swift; sourceTree = "<group>"; };
		BCA38B232DF0D2A20009417F /* TaskDetailView.swift */ = {isa = PBXFileReference; lastKnownFileType = sourcecode.swift; path = TaskDetailView.swift; sourceTree = "<group>"; };
		BCA38B252DF0D7460009417F /* TaskDetailPresenter.swift */ = {isa = PBXFileReference; lastKnownFileType = sourcecode.swift; path = TaskDetailPresenter.swift; sourceTree = "<group>"; };
		BCA38B292DF1B26F0009417F /* Array.swift */ = {isa = PBXFileReference; lastKnownFileType = sourcecode.swift; path = Array.swift; sourceTree = "<group>"; };
		BCA38B2E2DF1C6D80009417F /* Cache.swift */ = {isa = PBXFileReference; lastKnownFileType = sourcecode.swift; path = Cache.swift; sourceTree = "<group>"; };
		BCA38B302DF1C7C20009417F /* CustomDateFormatter.swift */ = {isa = PBXFileReference; lastKnownFileType = sourcecode.swift; path = CustomDateFormatter.swift; sourceTree = "<group>"; };
		BCCBD7D62DEDE7E9000EFC99 /* Todos.app */ = {isa = PBXFileReference; explicitFileType = wrapper.application; includeInIndex = 0; path = Todos.app; sourceTree = BUILT_PRODUCTS_DIR; };
		BCCBD7EC2DEDE7EB000EFC99 /* TodosTests.xctest */ = {isa = PBXFileReference; explicitFileType = wrapper.cfbundle; includeInIndex = 0; path = TodosTests.xctest; sourceTree = BUILT_PRODUCTS_DIR; };
		BCCBD7F62DEDE7EB000EFC99 /* TodosUITests.xctest */ = {isa = PBXFileReference; explicitFileType = wrapper.cfbundle; includeInIndex = 0; path = TodosUITests.xctest; sourceTree = BUILT_PRODUCTS_DIR; };
		BCCBD80A2DEDE7F8000EFC99 /* AppDelegate.swift */ = {isa = PBXFileReference; lastKnownFileType = sourcecode.swift; path = AppDelegate.swift; sourceTree = "<group>"; };
		BCCBD80B2DEDE7F8000EFC99 /* Assets.xcassets */ = {isa = PBXFileReference; lastKnownFileType = folder.assetcatalog; path = Assets.xcassets; sourceTree = "<group>"; };
		BCCBD80C2DEDE7F8000EFC99 /* Info.plist */ = {isa = PBXFileReference; lastKnownFileType = text.plist.xml; path = Info.plist; sourceTree = "<group>"; };
		BCCBD80D2DEDE7F8000EFC99 /* Base */ = {isa = PBXFileReference; lastKnownFileType = file.storyboard; name = Base; path = Base.lproj/LaunchScreen.storyboard; sourceTree = "<group>"; };
		BCCBD8112DEDE7F8000EFC99 /* SceneDelegate.swift */ = {isa = PBXFileReference; lastKnownFileType = sourcecode.swift; path = SceneDelegate.swift; sourceTree = "<group>"; };
		BCCBD8122DEDE7F8000EFC99 /* TasksView.swift */ = {isa = PBXFileReference; lastKnownFileType = sourcecode.swift; path = TasksView.swift; sourceTree = "<group>"; };
		BCCBD81B2DEDE806000EFC99 /* TodosTests.swift */ = {isa = PBXFileReference; lastKnownFileType = sourcecode.swift; path = TodosTests.swift; sourceTree = "<group>"; };
		BCCBD81E2DEDE808000EFC99 /* TodosUITests.swift */ = {isa = PBXFileReference; lastKnownFileType = sourcecode.swift; path = TodosUITests.swift; sourceTree = "<group>"; };
		BCCBD81F2DEDE808000EFC99 /* TodosUITestsLaunchTests.swift */ = {isa = PBXFileReference; lastKnownFileType = sourcecode.swift; path = TodosUITestsLaunchTests.swift; sourceTree = "<group>"; };
		BCCBD8292DEDEFC4000EFC99 /* TaskModel.xcdatamodel */ = {isa = PBXFileReference; lastKnownFileType = wrapper.xcdatamodel; path = TaskModel.xcdatamodel; sourceTree = "<group>"; };
		BCCBD82C2DEDF417000EFC99 /* TaskDTO.swift */ = {isa = PBXFileReference; lastKnownFileType = sourcecode.swift; path = TaskDTO.swift; sourceTree = "<group>"; };
		BCCBD82E2DEDF55D000EFC99 /* TaskServiceCD.swift */ = {isa = PBXFileReference; lastKnownFileType = sourcecode.swift; path = TaskServiceCD.swift; sourceTree = "<group>"; };
		BCCBD8312DEDFF6A000EFC99 /* TaskCD.swift */ = {isa = PBXFileReference; lastKnownFileType = sourcecode.swift; path = TaskCD.swift; sourceTree = "<group>"; };
		BCCBD8332DEE0149000EFC99 /* TaskModelContainer.swift */ = {isa = PBXFileReference; lastKnownFileType = sourcecode.swift; path = TaskModelContainer.swift; sourceTree = "<group>"; };
		BCCBD8362DEE075A000EFC99 /* ServiceError.swift */ = {isa = PBXFileReference; lastKnownFileType = sourcecode.swift; path = ServiceError.swift; sourceTree = "<group>"; };
		BCCBD83A2DEE142F000EFC99 /* TaskListDTO.swift */ = {isa = PBXFileReference; lastKnownFileType = sourcecode.swift; path = TaskListDTO.swift; sourceTree = "<group>"; };
		BCCBD83E2DEE17F8000EFC99 /* EndPoint.swift */ = {isa = PBXFileReference; lastKnownFileType = sourcecode.swift; path = EndPoint.swift; sourceTree = "<group>"; };
		BCCBD8402DEE184C000EFC99 /* HttpMethod.swift */ = {isa = PBXFileReference; lastKnownFileType = sourcecode.swift; path = HttpMethod.swift; sourceTree = "<group>"; };
		BCCBD8422DEE1B29000EFC99 /* NetworkServiceTasks.swift */ = {isa = PBXFileReference; lastKnownFileType = sourcecode.swift; path = NetworkServiceTasks.swift; sourceTree = "<group>"; };
		BCCBD8442DEE2108000EFC99 /* NetworkError.swift */ = {isa = PBXFileReference; lastKnownFileType = sourcecode.swift; path = NetworkError.swift; sourceTree = "<group>"; };
		BCCBD8472DEE31F6000EFC99 /* TaskCell.swift */ = {isa = PBXFileReference; lastKnownFileType = sourcecode.swift; path = TaskCell.swift; sourceTree = "<group>"; };
		BCCBD8492DEE3313000EFC99 /* CheckMarkButton.swift */ = {isa = PBXFileReference; lastKnownFileType = sourcecode.swift; path = CheckMarkButton.swift; sourceTree = "<group>"; };
/* End PBXFileReference section */

/* Begin PBXFrameworksBuildPhase section */
		BCCBD7D32DEDE7E9000EFC99 /* Frameworks */ = {
			isa = PBXFrameworksBuildPhase;
			buildActionMask = 2147483647;
			files = (
			);
			runOnlyForDeploymentPostprocessing = 0;
		};
		BCCBD7E92DEDE7EB000EFC99 /* Frameworks */ = {
			isa = PBXFrameworksBuildPhase;
			buildActionMask = 2147483647;
			files = (
			);
			runOnlyForDeploymentPostprocessing = 0;
		};
		BCCBD7F32DEDE7EB000EFC99 /* Frameworks */ = {
			isa = PBXFrameworksBuildPhase;
			buildActionMask = 2147483647;
			files = (
			);
			runOnlyForDeploymentPostprocessing = 0;
		};
/* End PBXFrameworksBuildPhase section */

/* Begin PBXGroup section */
		BCA38B272DF0D76E0009417F /* TaskDetailViper */ = {
			isa = PBXGroup;
			children = (
				BCA38B212DF0D27D0009417F /* TaskDetailModuleBuilder.swift */,
				BCA38B232DF0D2A20009417F /* TaskDetailView.swift */,
				BCA38B252DF0D7460009417F /* TaskDetailPresenter.swift */,
				BC4D01932DF33EB800CCFCCE /* TaskdetailInteractor.swift */,
			);
			path = TaskDetailViper;
			sourceTree = "<group>";
		};
		BCA38B282DF198510009417F /* TasksViewViper */ = {
			isa = PBXGroup;
			children = (
				BCA38B1F2DF0B9C60009417F /* TasksModuleBuilder.swift */,
				BCCBD8122DEDE7F8000EFC99 /* TasksView.swift */,
				BCA38B192DF05AF20009417F /* TasksPresenter.swift */,
				BCA38B1B2DF07AC10009417F /* TasksInteractor.swift */,
			);
			path = TasksViewViper;
			sourceTree = "<group>";
		};
		BCA38B2D2DF1C6D10009417F /* Helpers */ = {
			isa = PBXGroup;
			children = (
				BCA38B2E2DF1C6D80009417F /* Cache.swift */,
			);
			path = Helpers;
			sourceTree = "<group>";
		};
		BCCBD7CD2DEDE7E9000EFC99 = {
			isa = PBXGroup;
			children = (
				BCCBD8132DEDE7F8000EFC99 /* Todos */,
				BCCBD81C2DEDE806000EFC99 /* TodosTests */,
				BCCBD8202DEDE808000EFC99 /* TodosUITests */,
				BCCBD7D72DEDE7E9000EFC99 /* Products */,
			);
			sourceTree = "<group>";
		};
		BCCBD7D72DEDE7E9000EFC99 /* Products */ = {
			isa = PBXGroup;
			children = (
				BCCBD7D62DEDE7E9000EFC99 /* Todos.app */,
				BCCBD7EC2DEDE7EB000EFC99 /* TodosTests.xctest */,
				BCCBD7F62DEDE7EB000EFC99 /* TodosUITests.xctest */,
			);
			name = Products;
			sourceTree = "<group>";
		};
		BCCBD8132DEDE7F8000EFC99 /* Todos */ = {
			isa = PBXGroup;
			children = (
				BCA38B2D2DF1C6D10009417F /* Helpers */,
				BCCBD8462DEE31ED000EFC99 /* CustomViews */,
				BCCBD8302DEDFF5F000EFC99 /* Extensions */,
				BCCBD82B2DEDF3C0000EFC99 /* Models */,
				BCCBD8242DEDED9C000EFC99 /* Services */,
				BCCBD8232DEDE899000EFC99 /* Viper */,
				BCCBD80A2DEDE7F8000EFC99 /* AppDelegate.swift */,
				BCCBD8112DEDE7F8000EFC99 /* SceneDelegate.swift */,
				BCCBD80B2DEDE7F8000EFC99 /* Assets.xcassets */,
				BCCBD80C2DEDE7F8000EFC99 /* Info.plist */,
				BCCBD80E2DEDE7F8000EFC99 /* LaunchScreen.storyboard */,
			);
			path = Todos;
			sourceTree = "<group>";
		};
		BCCBD81C2DEDE806000EFC99 /* TodosTests */ = {
			isa = PBXGroup;
			children = (
				BCCBD81B2DEDE806000EFC99 /* TodosTests.swift */,
			);
			path = TodosTests;
			sourceTree = "<group>";
		};
		BCCBD8202DEDE808000EFC99 /* TodosUITests */ = {
			isa = PBXGroup;
			children = (
				BCCBD81E2DEDE808000EFC99 /* TodosUITests.swift */,
				BCCBD81F2DEDE808000EFC99 /* TodosUITestsLaunchTests.swift */,
			);
			path = TodosUITests;
			sourceTree = "<group>";
		};
		BCCBD8232DEDE899000EFC99 /* Viper */ = {
			isa = PBXGroup;
			children = (
				BCA38B1D2DF07CFF0009417F /* TasksRouter.swift */,
				BCA38B282DF198510009417F /* TasksViewViper */,
				BCA38B272DF0D76E0009417F /* TaskDetailViper */,
			);
			path = Viper;
			sourceTree = "<group>";
		};
		BCCBD8242DEDED9C000EFC99 /* Services */ = {
			isa = PBXGroup;
			children = (
				BCA38B302DF1C7C20009417F /* CustomDateFormatter.swift */,
				BCCBD83C2DEE17D2000EFC99 /* NetworkService */,
				BCCBD8352DEE0746000EFC99 /* ServiceError */,
				BCCBD8252DEDEDA7000EFC99 /* TaskCoreData */,
			);
			path = Services;
			sourceTree = "<group>";
		};
		BCCBD8252DEDEDA7000EFC99 /* TaskCoreData */ = {
			isa = PBXGroup;
			children = (
				BCCBD8282DEDEFC4000EFC99 /* TaskModel.xcdatamodeld */,
				BCCBD8332DEE0149000EFC99 /* TaskModelContainer.swift */,
				BCCBD82E2DEDF55D000EFC99 /* TaskServiceCD.swift */,
			);
			path = TaskCoreData;
			sourceTree = "<group>";
		};
		BCCBD82B2DEDF3C0000EFC99 /* Models */ = {
			isa = PBXGroup;
			children = (
				BCCBD83A2DEE142F000EFC99 /* TaskListDTO.swift */,
				BCCBD82C2DEDF417000EFC99 /* TaskDTO.swift */,
			);
			path = Models;
			sourceTree = "<group>";
		};
		BCCBD8302DEDFF5F000EFC99 /* Extensions */ = {
			isa = PBXGroup;
			children = (
				BC4D01912DF33E0B00CCFCCE /* CGFloat.swift */,
				BCA38B292DF1B26F0009417F /* Array.swift */,
				BCA38B172DEF22F70009417F /* String.swift */,
				BCA38B152DEF12B20009417F /* UIFont.swift */,
				BCCBD8312DEDFF6A000EFC99 /* TaskCD.swift */,
			);
			path = Extensions;
			sourceTree = "<group>";
		};
		BCCBD8352DEE0746000EFC99 /* ServiceError */ = {
			isa = PBXGroup;
			children = (
				BCCBD8442DEE2108000EFC99 /* NetworkError.swift */,
				BCCBD8362DEE075A000EFC99 /* ServiceError.swift */,
			);
			path = ServiceError;
			sourceTree = "<group>";
		};
		BCCBD83C2DEE17D2000EFC99 /* NetworkService */ = {
			isa = PBXGroup;
			children = (
				BCCBD8422DEE1B29000EFC99 /* NetworkServiceTasks.swift */,
				BCCBD83D2DEE17E0000EFC99 /* RequestModels */,
			);
			path = NetworkService;
			sourceTree = "<group>";
		};
		BCCBD83D2DEE17E0000EFC99 /* RequestModels */ = {
			isa = PBXGroup;
			children = (
				BCCBD83E2DEE17F8000EFC99 /* EndPoint.swift */,
				BCCBD8402DEE184C000EFC99 /* HttpMethod.swift */,
			);
			path = RequestModels;
			sourceTree = "<group>";
		};
		BCCBD8462DEE31ED000EFC99 /* CustomViews */ = {
			isa = PBXGroup;
			children = (
				BCCBD8492DEE3313000EFC99 /* CheckMarkButton.swift */,
				BCCBD8472DEE31F6000EFC99 /* TaskCell.swift */,
			);
			path = CustomViews;
			sourceTree = "<group>";
		};
/* End PBXGroup section */

/* Begin PBXNativeTarget section */
		BCCBD7D52DEDE7E9000EFC99 /* Todos */ = {
			isa = PBXNativeTarget;
			buildConfigurationList = BCCBD7FF2DEDE7EB000EFC99 /* Build configuration list for PBXNativeTarget "Todos" */;
			buildPhases = (
				BCCBD7D22DEDE7E9000EFC99 /* Sources */,
				BCCBD7D32DEDE7E9000EFC99 /* Frameworks */,
				BCCBD7D42DEDE7E9000EFC99 /* Resources */,
			);
			buildRules = (
			);
			dependencies = (
			);
			name = Todos;
			packageProductDependencies = (
			);
			productName = Todos;
			productReference = BCCBD7D62DEDE7E9000EFC99 /* Todos.app */;
			productType = "com.apple.product-type.application";
		};
		BCCBD7EB2DEDE7EB000EFC99 /* TodosTests */ = {
			isa = PBXNativeTarget;
			buildConfigurationList = BCCBD8042DEDE7EB000EFC99 /* Build configuration list for PBXNativeTarget "TodosTests" */;
			buildPhases = (
				BCCBD7E82DEDE7EB000EFC99 /* Sources */,
				BCCBD7E92DEDE7EB000EFC99 /* Frameworks */,
				BCCBD7EA2DEDE7EB000EFC99 /* Resources */,
			);
			buildRules = (
			);
			dependencies = (
				BCCBD7EE2DEDE7EB000EFC99 /* PBXTargetDependency */,
			);
			name = TodosTests;
			packageProductDependencies = (
			);
			productName = TodosTests;
			productReference = BCCBD7EC2DEDE7EB000EFC99 /* TodosTests.xctest */;
			productType = "com.apple.product-type.bundle.unit-test";
		};
		BCCBD7F52DEDE7EB000EFC99 /* TodosUITests */ = {
			isa = PBXNativeTarget;
			buildConfigurationList = BCCBD8072DEDE7EB000EFC99 /* Build configuration list for PBXNativeTarget "TodosUITests" */;
			buildPhases = (
				BCCBD7F22DEDE7EB000EFC99 /* Sources */,
				BCCBD7F32DEDE7EB000EFC99 /* Frameworks */,
				BCCBD7F42DEDE7EB000EFC99 /* Resources */,
			);
			buildRules = (
			);
			dependencies = (
				BCCBD7F82DEDE7EB000EFC99 /* PBXTargetDependency */,
			);
			name = TodosUITests;
			packageProductDependencies = (
			);
			productName = TodosUITests;
			productReference = BCCBD7F62DEDE7EB000EFC99 /* TodosUITests.xctest */;
			productType = "com.apple.product-type.bundle.ui-testing";
		};
/* End PBXNativeTarget section */

/* Begin PBXProject section */
		BCCBD7CE2DEDE7E9000EFC99 /* Project object */ = {
			isa = PBXProject;
			attributes = {
				BuildIndependentTargetsInParallel = 1;
				LastSwiftUpdateCheck = 1630;
				LastUpgradeCheck = 1630;
				TargetAttributes = {
					BCCBD7D52DEDE7E9000EFC99 = {
						CreatedOnToolsVersion = 16.3;
					};
					BCCBD7EB2DEDE7EB000EFC99 = {
						CreatedOnToolsVersion = 16.3;
						TestTargetID = BCCBD7D52DEDE7E9000EFC99;
					};
					BCCBD7F52DEDE7EB000EFC99 = {
						CreatedOnToolsVersion = 16.3;
						TestTargetID = BCCBD7D52DEDE7E9000EFC99;
					};
				};
			};
			buildConfigurationList = BCCBD7D12DEDE7E9000EFC99 /* Build configuration list for PBXProject "Todos" */;
			developmentRegion = en;
			hasScannedForEncodings = 0;
			knownRegions = (
				en,
				Base,
			);
			mainGroup = BCCBD7CD2DEDE7E9000EFC99;
			minimizedProjectReferenceProxies = 1;
			preferredProjectObjectVersion = 77;
			productRefGroup = BCCBD7D72DEDE7E9000EFC99 /* Products */;
			projectDirPath = "";
			projectRoot = "";
			targets = (
				BCCBD7D52DEDE7E9000EFC99 /* Todos */,
				BCCBD7EB2DEDE7EB000EFC99 /* TodosTests */,
				BCCBD7F52DEDE7EB000EFC99 /* TodosUITests */,
			);
		};
/* End PBXProject section */

/* Begin PBXResourcesBuildPhase section */
		BCCBD7D42DEDE7E9000EFC99 /* Resources */ = {
			isa = PBXResourcesBuildPhase;
			buildActionMask = 2147483647;
			files = (
				BCCBD8172DEDE7F8000EFC99 /* Assets.xcassets in Resources */,
				BCCBD8192DEDE7F8000EFC99 /* LaunchScreen.storyboard in Resources */,
			);
			runOnlyForDeploymentPostprocessing = 0;
		};
		BCCBD7EA2DEDE7EB000EFC99 /* Resources */ = {
			isa = PBXResourcesBuildPhase;
			buildActionMask = 2147483647;
			files = (
			);
			runOnlyForDeploymentPostprocessing = 0;
		};
		BCCBD7F42DEDE7EB000EFC99 /* Resources */ = {
			isa = PBXResourcesBuildPhase;
			buildActionMask = 2147483647;
			files = (
			);
			runOnlyForDeploymentPostprocessing = 0;
		};
/* End PBXResourcesBuildPhase section */

/* Begin PBXSourcesBuildPhase section */
		BCCBD7D22DEDE7E9000EFC99 /* Sources */ = {
			isa = PBXSourcesBuildPhase;
			buildActionMask = 2147483647;
			files = (
				BCCBD82A2DEDEFC4000EFC99 /* TaskModel.xcdatamodeld in Sources */,
				BCA38B1C2DF07ACE0009417F /* TasksInteractor.swift in Sources */,
				BCA38B162DEF12B60009417F /* UIFont.swift in Sources */,
				BCCBD8452DEE2108000EFC99 /* NetworkError.swift in Sources */,
				BCCBD82F2DEDF55D000EFC99 /* TaskServiceCD.swift in Sources */,
				BC4D01922DF33E0B00CCFCCE /* CGFloat.swift in Sources */,
				BCA38B242DF0D2A20009417F /* TaskDetailView.swift in Sources */,
				BCCBD8322DEDFF6A000EFC99 /* TaskCD.swift in Sources */,
				BCCBD8482DEE31FB000EFC99 /* TaskCell.swift in Sources */,
				BCCBD84A2DEE3322000EFC99 /* CheckMarkButton.swift in Sources */,
				BCA38B182DEF22F70009417F /* String.swift in Sources */,
				BCA38B2F2DF1C6DF0009417F /* Cache.swift in Sources */,
				BC4D01942DF33EBF00CCFCCE /* TaskdetailInteractor.swift in Sources */,
				BCCBD8142DEDE7F8000EFC99 /* AppDelegate.swift in Sources */,
				BCA38B262DF0D7460009417F /* TaskDetailPresenter.swift in Sources */,
				BCCBD8412DEE184C000EFC99 /* HttpMethod.swift in Sources */,
				BCA38B222DF0D27D0009417F /* TaskDetailModuleBuilder.swift in Sources */,
				BCCBD83F2DEE17F8000EFC99 /* EndPoint.swift in Sources */,
				BCCBD83B2DEE1436000EFC99 /* TaskListDTO.swift in Sources */,
				BCCBD82D2DEDF417000EFC99 /* TaskDTO.swift in Sources */,
				BCCBD8152DEDE7F8000EFC99 /* SceneDelegate.swift in Sources */,
				BCCBD8372DEE075A000EFC99 /* ServiceError.swift in Sources */,
				BCA38B202DF0B9D10009417F /* TasksModuleBuilder.swift in Sources */,
				BCA38B1A2DF05B020009417F /* TasksPresenter.swift in Sources */,
				BCCBD8162DEDE7F8000EFC99 /* TasksView.swift in Sources */,
				BCCBD8432DEE1B29000EFC99 /* NetworkServiceTasks.swift in Sources */,
				BCA38B2A2DF1B26F0009417F /* Array.swift in Sources */,
				BCA38B1E2DF07D040009417F /* TasksRouter.swift in Sources */,
				BCA38B312DF1C7CD0009417F /* CustomDateFormatter.swift in Sources */,
				BCCBD8342DEE0149000EFC99 /* TaskModelContainer.swift in Sources */,
			);
			runOnlyForDeploymentPostprocessing = 0;
		};
		BCCBD7E82DEDE7EB000EFC99 /* Sources */ = {
			isa = PBXSourcesBuildPhase;
			buildActionMask = 2147483647;
			files = (
				BCCBD81D2DEDE806000EFC99 /* TodosTests.swift in Sources */,
			);
			runOnlyForDeploymentPostprocessing = 0;
		};
		BCCBD7F22DEDE7EB000EFC99 /* Sources */ = {
			isa = PBXSourcesBuildPhase;
			buildActionMask = 2147483647;
			files = (
				BCCBD8212DEDE808000EFC99 /* TodosUITests.swift in Sources */,
				BCCBD8222DEDE808000EFC99 /* TodosUITestsLaunchTests.swift in Sources */,
			);
			runOnlyForDeploymentPostprocessing = 0;
		};
/* End PBXSourcesBuildPhase section */

/* Begin PBXTargetDependency section */
		BCCBD7EE2DEDE7EB000EFC99 /* PBXTargetDependency */ = {
			isa = PBXTargetDependency;
			target = BCCBD7D52DEDE7E9000EFC99 /* Todos */;
			targetProxy = BCCBD7ED2DEDE7EB000EFC99 /* PBXContainerItemProxy */;
		};
		BCCBD7F82DEDE7EB000EFC99 /* PBXTargetDependency */ = {
			isa = PBXTargetDependency;
			target = BCCBD7D52DEDE7E9000EFC99 /* Todos */;
			targetProxy = BCCBD7F72DEDE7EB000EFC99 /* PBXContainerItemProxy */;
		};
/* End PBXTargetDependency section */

/* Begin PBXVariantGroup section */
		BCCBD80E2DEDE7F8000EFC99 /* LaunchScreen.storyboard */ = {
			isa = PBXVariantGroup;
			children = (
				BCCBD80D2DEDE7F8000EFC99 /* Base */,
			);
			name = LaunchScreen.storyboard;
			sourceTree = "<group>";
		};
/* End PBXVariantGroup section */

/* Begin XCBuildConfiguration section */
		BCCBD8002DEDE7EB000EFC99 /* Debug */ = {
			isa = XCBuildConfiguration;
			buildSettings = {
				ASSETCATALOG_COMPILER_APPICON_NAME = AppIcon;
				ASSETCATALOG_COMPILER_GLOBAL_ACCENT_COLOR_NAME = AccentColor;
				CODE_SIGN_STYLE = Automatic;
				CURRENT_PROJECT_VERSION = 1;
				DEVELOPMENT_TEAM = 8V4HQNY692;
				GENERATE_INFOPLIST_FILE = YES;
				INFOPLIST_FILE = Todos/Info.plist;
				INFOPLIST_KEY_UIApplicationSupportsIndirectInputEvents = YES;
				INFOPLIST_KEY_UILaunchStoryboardName = LaunchScreen;
				INFOPLIST_KEY_UIStatusBarStyle = "";
				INFOPLIST_KEY_UISupportedInterfaceOrientations = UIInterfaceOrientationPortrait;
				INFOPLIST_KEY_UISupportedInterfaceOrientations_iPad = "UIInterfaceOrientationLandscapeLeft UIInterfaceOrientationLandscapeRight UIInterfaceOrientationPortrait UIInterfaceOrientationPortraitUpsideDown";
				LD_RUNPATH_SEARCH_PATHS = (
					"$(inherited)",
					"@executable_path/Frameworks",
				);
				MARKETING_VERSION = 1.0;
				PRODUCT_BUNDLE_IDENTIFIER = ru.practicum.Timurkaev.Todos;
				PRODUCT_NAME = "$(TARGET_NAME)";
				SUPPORTED_PLATFORMS = "iphoneos iphonesimulator";
				SUPPORTS_MACCATALYST = NO;
				SUPPORTS_MAC_DESIGNED_FOR_IPHONE_IPAD = NO;
				SUPPORTS_XR_DESIGNED_FOR_IPHONE_IPAD = NO;
				SWIFT_EMIT_LOC_STRINGS = YES;
				SWIFT_VERSION = 5.0;
				TARGETED_DEVICE_FAMILY = 1;
			};
			name = Debug;
		};
		BCCBD8012DEDE7EB000EFC99 /* Release */ = {
			isa = XCBuildConfiguration;
			buildSettings = {
				ASSETCATALOG_COMPILER_APPICON_NAME = AppIcon;
				ASSETCATALOG_COMPILER_GLOBAL_ACCENT_COLOR_NAME = AccentColor;
				CODE_SIGN_STYLE = Automatic;
				CURRENT_PROJECT_VERSION = 1;
				DEVELOPMENT_TEAM = 8V4HQNY692;
				GENERATE_INFOPLIST_FILE = YES;
				INFOPLIST_FILE = Todos/Info.plist;
				INFOPLIST_KEY_UIApplicationSupportsIndirectInputEvents = YES;
				INFOPLIST_KEY_UILaunchStoryboardName = LaunchScreen;
				INFOPLIST_KEY_UIStatusBarStyle = "";
				INFOPLIST_KEY_UISupportedInterfaceOrientations = UIInterfaceOrientationPortrait;
				INFOPLIST_KEY_UISupportedInterfaceOrientations_iPad = "UIInterfaceOrientationLandscapeLeft UIInterfaceOrientationLandscapeRight UIInterfaceOrientationPortrait UIInterfaceOrientationPortraitUpsideDown";
				LD_RUNPATH_SEARCH_PATHS = (
					"$(inherited)",
					"@executable_path/Frameworks",
				);
				MARKETING_VERSION = 1.0;
				PRODUCT_BUNDLE_IDENTIFIER = ru.practicum.Timurkaev.Todos;
				PRODUCT_NAME = "$(TARGET_NAME)";
				SUPPORTED_PLATFORMS = "iphoneos iphonesimulator";
				SUPPORTS_MACCATALYST = NO;
				SUPPORTS_MAC_DESIGNED_FOR_IPHONE_IPAD = NO;
				SUPPORTS_XR_DESIGNED_FOR_IPHONE_IPAD = NO;
				SWIFT_EMIT_LOC_STRINGS = YES;
				SWIFT_VERSION = 5.0;
				TARGETED_DEVICE_FAMILY = 1;
			};
			name = Release;
		};
		BCCBD8022DEDE7EB000EFC99 /* Debug */ = {
			isa = XCBuildConfiguration;
			buildSettings = {
				ALWAYS_SEARCH_USER_PATHS = NO;
				ASSETCATALOG_COMPILER_GENERATE_SWIFT_ASSET_SYMBOL_EXTENSIONS = YES;
				CLANG_ANALYZER_NONNULL = YES;
				CLANG_ANALYZER_NUMBER_OBJECT_CONVERSION = YES_AGGRESSIVE;
				CLANG_CXX_LANGUAGE_STANDARD = "gnu++20";
				CLANG_ENABLE_MODULES = YES;
				CLANG_ENABLE_OBJC_ARC = YES;
				CLANG_ENABLE_OBJC_WEAK = YES;
				CLANG_WARN_BLOCK_CAPTURE_AUTORELEASING = YES;
				CLANG_WARN_BOOL_CONVERSION = YES;
				CLANG_WARN_COMMA = YES;
				CLANG_WARN_CONSTANT_CONVERSION = YES;
				CLANG_WARN_DEPRECATED_OBJC_IMPLEMENTATIONS = YES;
				CLANG_WARN_DIRECT_OBJC_ISA_USAGE = YES_ERROR;
				CLANG_WARN_DOCUMENTATION_COMMENTS = YES;
				CLANG_WARN_EMPTY_BODY = YES;
				CLANG_WARN_ENUM_CONVERSION = YES;
				CLANG_WARN_INFINITE_RECURSION = YES;
				CLANG_WARN_INT_CONVERSION = YES;
				CLANG_WARN_NON_LITERAL_NULL_CONVERSION = YES;
				CLANG_WARN_OBJC_IMPLICIT_RETAIN_SELF = YES;
				CLANG_WARN_OBJC_LITERAL_CONVERSION = YES;
				CLANG_WARN_OBJC_ROOT_CLASS = YES_ERROR;
				CLANG_WARN_QUOTED_INCLUDE_IN_FRAMEWORK_HEADER = YES;
				CLANG_WARN_RANGE_LOOP_ANALYSIS = YES;
				CLANG_WARN_STRICT_PROTOTYPES = YES;
				CLANG_WARN_SUSPICIOUS_MOVE = YES;
				CLANG_WARN_UNGUARDED_AVAILABILITY = YES_AGGRESSIVE;
				CLANG_WARN_UNREACHABLE_CODE = YES;
				CLANG_WARN__DUPLICATE_METHOD_MATCH = YES;
				COPY_PHASE_STRIP = NO;
				DEBUG_INFORMATION_FORMAT = dwarf;
				DEVELOPMENT_TEAM = 8V4HQNY692;
				ENABLE_STRICT_OBJC_MSGSEND = YES;
				ENABLE_TESTABILITY = YES;
				ENABLE_USER_SCRIPT_SANDBOXING = YES;
				GCC_C_LANGUAGE_STANDARD = gnu17;
				GCC_DYNAMIC_NO_PIC = NO;
				GCC_NO_COMMON_BLOCKS = YES;
				GCC_OPTIMIZATION_LEVEL = 0;
				GCC_PREPROCESSOR_DEFINITIONS = (
					"DEBUG=1",
					"$(inherited)",
				);
				GCC_WARN_64_TO_32_BIT_CONVERSION = YES;
				GCC_WARN_ABOUT_RETURN_TYPE = YES_ERROR;
				GCC_WARN_UNDECLARED_SELECTOR = YES;
				GCC_WARN_UNINITIALIZED_AUTOS = YES_AGGRESSIVE;
				GCC_WARN_UNUSED_FUNCTION = YES;
				GCC_WARN_UNUSED_VARIABLE = YES;
				IPHONEOS_DEPLOYMENT_TARGET = 18.4;
				LOCALIZATION_PREFERS_STRING_CATALOGS = YES;
				MTL_ENABLE_DEBUG_INFO = INCLUDE_SOURCE;
				MTL_FAST_MATH = YES;
				ONLY_ACTIVE_ARCH = YES;
				SDKROOT = iphoneos;
				SWIFT_ACTIVE_COMPILATION_CONDITIONS = "DEBUG $(inherited)";
				SWIFT_OPTIMIZATION_LEVEL = "-Onone";
			};
			name = Debug;
		};
		BCCBD8032DEDE7EB000EFC99 /* Release */ = {
			isa = XCBuildConfiguration;
			buildSettings = {
				ALWAYS_SEARCH_USER_PATHS = NO;
				ASSETCATALOG_COMPILER_GENERATE_SWIFT_ASSET_SYMBOL_EXTENSIONS = YES;
				CLANG_ANALYZER_NONNULL = YES;
				CLANG_ANALYZER_NUMBER_OBJECT_CONVERSION = YES_AGGRESSIVE;
				CLANG_CXX_LANGUAGE_STANDARD = "gnu++20";
				CLANG_ENABLE_MODULES = YES;
				CLANG_ENABLE_OBJC_ARC = YES;
				CLANG_ENABLE_OBJC_WEAK = YES;
				CLANG_WARN_BLOCK_CAPTURE_AUTORELEASING = YES;
				CLANG_WARN_BOOL_CONVERSION = YES;
				CLANG_WARN_COMMA = YES;
				CLANG_WARN_CONSTANT_CONVERSION = YES;
				CLANG_WARN_DEPRECATED_OBJC_IMPLEMENTATIONS = YES;
				CLANG_WARN_DIRECT_OBJC_ISA_USAGE = YES_ERROR;
				CLANG_WARN_DOCUMENTATION_COMMENTS = YES;
				CLANG_WARN_EMPTY_BODY = YES;
				CLANG_WARN_ENUM_CONVERSION = YES;
				CLANG_WARN_INFINITE_RECURSION = YES;
				CLANG_WARN_INT_CONVERSION = YES;
				CLANG_WARN_NON_LITERAL_NULL_CONVERSION = YES;
				CLANG_WARN_OBJC_IMPLICIT_RETAIN_SELF = YES;
				CLANG_WARN_OBJC_LITERAL_CONVERSION = YES;
				CLANG_WARN_OBJC_ROOT_CLASS = YES_ERROR;
				CLANG_WARN_QUOTED_INCLUDE_IN_FRAMEWORK_HEADER = YES;
				CLANG_WARN_RANGE_LOOP_ANALYSIS = YES;
				CLANG_WARN_STRICT_PROTOTYPES = YES;
				CLANG_WARN_SUSPICIOUS_MOVE = YES;
				CLANG_WARN_UNGUARDED_AVAILABILITY = YES_AGGRESSIVE;
				CLANG_WARN_UNREACHABLE_CODE = YES;
				CLANG_WARN__DUPLICATE_METHOD_MATCH = YES;
				COPY_PHASE_STRIP = NO;
				DEBUG_INFORMATION_FORMAT = "dwarf-with-dsym";
				DEVELOPMENT_TEAM = 8V4HQNY692;
				ENABLE_NS_ASSERTIONS = NO;
				ENABLE_STRICT_OBJC_MSGSEND = YES;
				ENABLE_USER_SCRIPT_SANDBOXING = YES;
				GCC_C_LANGUAGE_STANDARD = gnu17;
				GCC_NO_COMMON_BLOCKS = YES;
				GCC_WARN_64_TO_32_BIT_CONVERSION = YES;
				GCC_WARN_ABOUT_RETURN_TYPE = YES_ERROR;
				GCC_WARN_UNDECLARED_SELECTOR = YES;
				GCC_WARN_UNINITIALIZED_AUTOS = YES_AGGRESSIVE;
				GCC_WARN_UNUSED_FUNCTION = YES;
				GCC_WARN_UNUSED_VARIABLE = YES;
				IPHONEOS_DEPLOYMENT_TARGET = 18.4;
				LOCALIZATION_PREFERS_STRING_CATALOGS = YES;
				MTL_ENABLE_DEBUG_INFO = NO;
				MTL_FAST_MATH = YES;
				SDKROOT = iphoneos;
				SWIFT_COMPILATION_MODE = wholemodule;
				VALIDATE_PRODUCT = YES;
			};
			name = Release;
		};
		BCCBD8052DEDE7EB000EFC99 /* Debug */ = {
			isa = XCBuildConfiguration;
			buildSettings = {
				BUNDLE_LOADER = "$(TEST_HOST)";
				CODE_SIGN_STYLE = Automatic;
				CURRENT_PROJECT_VERSION = 1;
				DEVELOPMENT_TEAM = 8V4HQNY692;
				GENERATE_INFOPLIST_FILE = YES;
				IPHONEOS_DEPLOYMENT_TARGET = 18.4;
				MARKETING_VERSION = 1.0;
				PRODUCT_BUNDLE_IDENTIFIER = ru.practicum.Timurkaev.TodosTests;
				PRODUCT_NAME = "$(TARGET_NAME)";
				SWIFT_EMIT_LOC_STRINGS = NO;
				SWIFT_VERSION = 5.0;
				TARGETED_DEVICE_FAMILY = "1,2";
				TEST_HOST = "$(BUILT_PRODUCTS_DIR)/Todos.app/$(BUNDLE_EXECUTABLE_FOLDER_PATH)/Todos";
			};
			name = Debug;
		};
		BCCBD8062DEDE7EB000EFC99 /* Release */ = {
			isa = XCBuildConfiguration;
			buildSettings = {
				BUNDLE_LOADER = "$(TEST_HOST)";
				CODE_SIGN_STYLE = Automatic;
				CURRENT_PROJECT_VERSION = 1;
				DEVELOPMENT_TEAM = 8V4HQNY692;
				GENERATE_INFOPLIST_FILE = YES;
				IPHONEOS_DEPLOYMENT_TARGET = 18.4;
				MARKETING_VERSION = 1.0;
				PRODUCT_BUNDLE_IDENTIFIER = ru.practicum.Timurkaev.TodosTests;
				PRODUCT_NAME = "$(TARGET_NAME)";
				SWIFT_EMIT_LOC_STRINGS = NO;
				SWIFT_VERSION = 5.0;
				TARGETED_DEVICE_FAMILY = "1,2";
				TEST_HOST = "$(BUILT_PRODUCTS_DIR)/Todos.app/$(BUNDLE_EXECUTABLE_FOLDER_PATH)/Todos";
			};
			name = Release;
		};
		BCCBD8082DEDE7EB000EFC99 /* Debug */ = {
			isa = XCBuildConfiguration;
			buildSettings = {
				CODE_SIGN_STYLE = Automatic;
				CURRENT_PROJECT_VERSION = 1;
				DEVELOPMENT_TEAM = 8V4HQNY692;
				GENERATE_INFOPLIST_FILE = YES;
				MARKETING_VERSION = 1.0;
				PRODUCT_BUNDLE_IDENTIFIER = ru.practicum.Timurkaev.TodosUITests;
				PRODUCT_NAME = "$(TARGET_NAME)";
				SWIFT_EMIT_LOC_STRINGS = NO;
				SWIFT_VERSION = 5.0;
				TARGETED_DEVICE_FAMILY = "1,2";
				TEST_TARGET_NAME = Todos;
			};
			name = Debug;
		};
		BCCBD8092DEDE7EB000EFC99 /* Release */ = {
			isa = XCBuildConfiguration;
			buildSettings = {
				CODE_SIGN_STYLE = Automatic;
				CURRENT_PROJECT_VERSION = 1;
				DEVELOPMENT_TEAM = 8V4HQNY692;
				GENERATE_INFOPLIST_FILE = YES;
				MARKETING_VERSION = 1.0;
				PRODUCT_BUNDLE_IDENTIFIER = ru.practicum.Timurkaev.TodosUITests;
				PRODUCT_NAME = "$(TARGET_NAME)";
				SWIFT_EMIT_LOC_STRINGS = NO;
				SWIFT_VERSION = 5.0;
				TARGETED_DEVICE_FAMILY = "1,2";
				TEST_TARGET_NAME = Todos;
			};
			name = Release;
		};
/* End XCBuildConfiguration section */

/* Begin XCConfigurationList section */
		BCCBD7D12DEDE7E9000EFC99 /* Build configuration list for PBXProject "Todos" */ = {
			isa = XCConfigurationList;
			buildConfigurations = (
				BCCBD8022DEDE7EB000EFC99 /* Debug */,
				BCCBD8032DEDE7EB000EFC99 /* Release */,
			);
			defaultConfigurationIsVisible = 0;
			defaultConfigurationName = Release;
		};
		BCCBD7FF2DEDE7EB000EFC99 /* Build configuration list for PBXNativeTarget "Todos" */ = {
			isa = XCConfigurationList;
			buildConfigurations = (
				BCCBD8002DEDE7EB000EFC99 /* Debug */,
				BCCBD8012DEDE7EB000EFC99 /* Release */,
			);
			defaultConfigurationIsVisible = 0;
			defaultConfigurationName = Release;
		};
		BCCBD8042DEDE7EB000EFC99 /* Build configuration list for PBXNativeTarget "TodosTests" */ = {
			isa = XCConfigurationList;
			buildConfigurations = (
				BCCBD8052DEDE7EB000EFC99 /* Debug */,
				BCCBD8062DEDE7EB000EFC99 /* Release */,
			);
			defaultConfigurationIsVisible = 0;
			defaultConfigurationName = Release;
		};
		BCCBD8072DEDE7EB000EFC99 /* Build configuration list for PBXNativeTarget "TodosUITests" */ = {
			isa = XCConfigurationList;
			buildConfigurations = (
				BCCBD8082DEDE7EB000EFC99 /* Debug */,
				BCCBD8092DEDE7EB000EFC99 /* Release */,
			);
			defaultConfigurationIsVisible = 0;
			defaultConfigurationName = Release;
		};
/* End XCConfigurationList section */

/* Begin XCVersionGroup section */
		BCCBD8282DEDEFC4000EFC99 /* TaskModel.xcdatamodeld */ = {
			isa = XCVersionGroup;
			children = (
				BCCBD8292DEDEFC4000EFC99 /* TaskModel.xcdatamodel */,
			);
			currentVersion = BCCBD8292DEDEFC4000EFC99 /* TaskModel.xcdatamodel */;
			path = TaskModel.xcdatamodeld;
			sourceTree = "<group>";
			versionGroupType = wrapper.xcdatamodel;
		};
/* End XCVersionGroup section */
	};
	rootObject = BCCBD7CE2DEDE7E9000EFC99 /* Project object */;
}
